
Microsoft Visual Studio Solution File, Format Version 12.00
# Visual Studio Version 17
VisualStudioVersion = 17.5.33530.505
MinimumVisualStudioVersion = 10.0.40219.1
Project("{9A19103F-16F7-4668-BE54-9A1E7A4F7556}") = "WPFUI", "WPFUI.csproj", "{21770B6F-5FC1-4886-9276-18EBE259311F}"
EndProject
Project("{FAE04EC0-301F-11D3-BF4B-00C04F79EFBC}") = "Engine", "..\Engine\Engine.csproj", "{10C074F8-63A8-4D8D-B2CB-BA6767C2F426}"
EndProject
Global
	GlobalSection(SolutionConfigurationPlatforms) = preSolution
		Debug|Any CPU = Debug|Any CPU
		Release|Any CPU = Release|Any CPU
	EndGlobalSection
	GlobalSection(ProjectConfigurationPlatforms) = postSolution
		{21770B6F-5FC1-4886-9276-18EBE259311F}.Debug|Any CPU.ActiveCfg = Debug|Any CPU
		{21770B6F-5FC1-4886-9276-18EBE259311F}.Debug|Any CPU.Build.0 = Debug|Any CPU
		{21770B6F-5FC1-4886-9276-18EBE259311F}.Release|Any CPU.ActiveCfg = Release|Any CPU
		{21770B6F-5FC1-4886-9276-18EBE259311F}.Release|Any CPU.Build.0 = Release|Any CPU
		{10C074F8-63A8-4D8D-B2CB-BA6767C2F426}.Debug|Any CPU.ActiveCfg = Debug|Any CPU
		{10C074F8-63A8-4D8D-B2CB-BA6767C2F426}.Debug|Any CPU.Build.0 = Debug|Any CPU
		{10C074F8-63A8-4D8D-B2CB-BA6767C2F426}.Release|Any CPU.ActiveCfg = Release|Any CPU
		{10C074F8-63A8-4D8D-B2CB-BA6767C2F426}.Release|Any CPU.Build.0 = Release|Any CPU
	EndGlobalSection
	GlobalSection(SolutionProperties) = preSolution
		HideSolutionNode = FALSE
	EndGlobalSection
	GlobalSection(ExtensibilityGlobals) = postSolution
		SolutionGuid = {794C71DF-6C7D-4E03-A18D-C21650F4AE7F}
	EndGlobalSection
EndGlobal
